// !$*UTF8*$!
{
	archiveVersion = 1;
	classes = {
	};
	objectVersion = 48;
	objects = {

/* Begin PBXBuildFile section */
		3AAE1F7D1FA5A71300336743 /* AppDelegate.swift in Sources */ = {isa = PBXBuildFile; fileRef = 3AAE1F7C1FA5A71300336743 /* AppDelegate.swift */; };
		3AAE1F7F1FA5A71300336743 /* CitySearchViewController.swift in Sources */ = {isa = PBXBuildFile; fileRef = 3AAE1F7E1FA5A71300336743 /* CitySearchViewController.swift */; };
		3AAE1F821FA5A71300336743 /* Main.storyboard in Resources */ = {isa = PBXBuildFile; fileRef = 3AAE1F801FA5A71300336743 /* Main.storyboard */; };
		3AAE1F841FA5A71300336743 /* Assets.xcassets in Resources */ = {isa = PBXBuildFile; fileRef = 3AAE1F831FA5A71300336743 /* Assets.xcassets */; };
		3AAE1F871FA5A71300336743 /* LaunchScreen.storyboard in Resources */ = {isa = PBXBuildFile; fileRef = 3AAE1F851FA5A71300336743 /* LaunchScreen.storyboard */; };
		3AAE1F921FA5A71300336743 /* RxSwiftExampleTests.swift in Sources */ = {isa = PBXBuildFile; fileRef = 3AAE1F911FA5A71300336743 /* RxSwiftExampleTests.swift */; };
		3AAE1F9D1FA5A71300336743 /* RxSwiftExampleUITests.swift in Sources */ = {isa = PBXBuildFile; fileRef = 3AAE1F9C1FA5A71300336743 /* RxSwiftExampleUITests.swift */; };
		3C82A2E39B3384BA5B951D05 /* Pods_RxSwiftExampleUITests.framework in Frameworks */ = {isa = PBXBuildFile; fileRef = 6F7EE21C31ADE5ED9CF47D88 /* Pods_RxSwiftExampleUITests.framework */; };
		9935B43DC1DB5491BFF977D3 /* Pods_RxSwiftExample.framework in Frameworks */ = {isa = PBXBuildFile; fileRef = 4F4E202B4C3A074880C17C8C /* Pods_RxSwiftExample.framework */; };
		DE3BE66D2987FD0658D99926 /* Pods_RxSwiftExampleTests.framework in Frameworks */ = {isa = PBXBuildFile; fileRef = B40E1A47108FC02EB6D7CB38 /* Pods_RxSwiftExampleTests.framework */; };
/* End PBXBuildFile section */

/* Begin PBXContainerItemProxy section */
		3AAE1F8E1FA5A71300336743 /* PBXContainerItemProxy */ = {
			isa = PBXContainerItemProxy;
			containerPortal = 3AAE1F711FA5A71300336743 /* Project object */;
			proxyType = 1;
			remoteGlobalIDString = 3AAE1F781FA5A71300336743;
			remoteInfo = RxSwiftExample;
		};
		3AAE1F991FA5A71300336743 /* PBXContainerItemProxy */ = {
			isa = PBXContainerItemProxy;
			containerPortal = 3AAE1F711FA5A71300336743 /* Project object */;
			proxyType = 1;
			remoteGlobalIDString = 3AAE1F781FA5A71300336743;
			remoteInfo = RxSwiftExample;
		};
/* End PBXContainerItemProxy section */

/* Begin PBXFileReference section */
		0AAA216801D2749A78C51915 /* Pods-RxSwiftExampleTests.debug.xcconfig */ = {isa = PBXFileReference; includeInIndex = 1; lastKnownFileType = text.xcconfig; name = "Pods-RxSwiftExampleTests.debug.xcconfig"; path = "Pods/Target Support Files/Pods-RxSwiftExampleTests/Pods-RxSwiftExampleTests.debug.xcconfig"; sourceTree = "<group>"; };
		2B4C1FD887D1DE8E7F20B3F7 /* Pods-RxSwiftExampleUITests.release.xcconfig */ = {isa = PBXFileReference; includeInIndex = 1; lastKnownFileType = text.xcconfig; name = "Pods-RxSwiftExampleUITests.release.xcconfig"; path = "Pods/Target Support Files/Pods-RxSwiftExampleUITests/Pods-RxSwiftExampleUITests.release.xcconfig"; sourceTree = "<group>"; };
		3AAE1F791FA5A71300336743 /* RxSwiftExample.app */ = {isa = PBXFileReference; explicitFileType = wrapper.application; includeInIndex = 0; path = RxSwiftExample.app; sourceTree = BUILT_PRODUCTS_DIR; };
		3AAE1F7C1FA5A71300336743 /* AppDelegate.swift */ = {isa = PBXFileReference; lastKnownFileType = sourcecode.swift; path = AppDelegate.swift; sourceTree = "<group>"; };
		3AAE1F7E1FA5A71300336743 /* CitySearchViewController.swift */ = {isa = PBXFileReference; lastKnownFileType = sourcecode.swift; path = CitySearchViewController.swift; sourceTree = "<group>"; };
		3AAE1F811FA5A71300336743 /* Base */ = {isa = PBXFileReference; lastKnownFileType = file.storyboard; name = Base; path = Base.lproj/Main.storyboard; sourceTree = "<group>"; };
		3AAE1F831FA5A71300336743 /* Assets.xcassets */ = {isa = PBXFileReference; lastKnownFileType = folder.assetcatalog; path = Assets.xcassets; sourceTree = "<group>"; };
		3AAE1F861FA5A71300336743 /* Base */ = {isa = PBXFileReference; lastKnownFileType = file.storyboard; name = Base; path = Base.lproj/LaunchScreen.storyboard; sourceTree = "<group>"; };
		3AAE1F881FA5A71300336743 /* Info.plist */ = {isa = PBXFileReference; lastKnownFileType = text.plist.xml; path = Info.plist; sourceTree = "<group>"; };
		3AAE1F8D1FA5A71300336743 /* RxSwiftExampleTests.xctest */ = {isa = PBXFileReference; explicitFileType = wrapper.cfbundle; includeInIndex = 0; path = RxSwiftExampleTests.xctest; sourceTree = BUILT_PRODUCTS_DIR; };
		3AAE1F911FA5A71300336743 /* RxSwiftExampleTests.swift */ = {isa = PBXFileReference; lastKnownFileType = sourcecode.swift; path = RxSwiftExampleTests.swift; sourceTree = "<group>"; };
		3AAE1F931FA5A71300336743 /* Info.plist */ = {isa = PBXFileReference; lastKnownFileType = text.plist.xml; path = Info.plist; sourceTree = "<group>"; };
		3AAE1F981FA5A71300336743 /* RxSwiftExampleUITests.xctest */ = {isa = PBXFileReference; explicitFileType = wrapper.cfbundle; includeInIndex = 0; path = RxSwiftExampleUITests.xctest; sourceTree = BUILT_PRODUCTS_DIR; };
		3AAE1F9C1FA5A71300336743 /* RxSwiftExampleUITests.swift */ = {isa = PBXFileReference; lastKnownFileType = sourcecode.swift; path = RxSwiftExampleUITests.swift; sourceTree = "<group>"; };
		3AAE1F9E1FA5A71300336743 /* Info.plist */ = {isa = PBXFileReference; lastKnownFileType = text.plist.xml; path = Info.plist; sourceTree = "<group>"; };
		4513F2DB2FEDD1CB22E34141 /* Pods-RxSwiftExample.release.xcconfig */ = {isa = PBXFileReference; includeInIndex = 1; lastKnownFileType = text.xcconfig; name = "Pods-RxSwiftExample.release.xcconfig"; path = "Pods/Target Support Files/Pods-RxSwiftExample/Pods-RxSwiftExample.release.xcconfig"; sourceTree = "<group>"; };
		4F4E202B4C3A074880C17C8C /* Pods_RxSwiftExample.framework */ = {isa = PBXFileReference; explicitFileType = wrapper.framework; includeInIndex = 0; path = Pods_RxSwiftExample.framework; sourceTree = BUILT_PRODUCTS_DIR; };
		6F7EE21C31ADE5ED9CF47D88 /* Pods_RxSwiftExampleUITests.framework */ = {isa = PBXFileReference; explicitFileType = wrapper.framework; includeInIndex = 0; path = Pods_RxSwiftExampleUITests.framework; sourceTree = BUILT_PRODUCTS_DIR; };
		8FEDF4F35BF6E19F69280FEB /* Pods-RxSwiftExampleUITests.debug.xcconfig */ = {isa = PBXFileReference; includeInIndex = 1; lastKnownFileType = text.xcconfig; name = "Pods-RxSwiftExampleUITests.debug.xcconfig"; path = "Pods/Target Support Files/Pods-RxSwiftExampleUITests/Pods-RxSwiftExampleUITests.debug.xcconfig"; sourceTree = "<group>"; };
		B40E1A47108FC02EB6D7CB38 /* Pods_RxSwiftExampleTests.framework */ = {isa = PBXFileReference; explicitFileType = wrapper.framework; includeInIndex = 0; path = Pods_RxSwiftExampleTests.framework; sourceTree = BUILT_PRODUCTS_DIR; };
		D95CD6E3CCDC61A74F1939F1 /* Pods-RxSwiftExample.debug.xcconfig */ = {isa = PBXFileReference; includeInIndex = 1; lastKnownFileType = text.xcconfig; name = "Pods-RxSwiftExample.debug.xcconfig"; path = "Pods/Target Support Files/Pods-RxSwiftExample/Pods-RxSwiftExample.debug.xcconfig"; sourceTree = "<group>"; };
		F88CB6A7A335710279B71C07 /* Pods-RxSwiftExampleTests.release.xcconfig */ = {isa = PBXFileReference; includeInIndex = 1; lastKnownFileType = text.xcconfig; name = "Pods-RxSwiftExampleTests.release.xcconfig"; path = "Pods/Target Support Files/Pods-RxSwiftExampleTests/Pods-RxSwiftExampleTests.release.xcconfig"; sourceTree = "<group>"; };
/* End PBXFileReference section */

/* Begin PBXFrameworksBuildPhase section */
		3AAE1F761FA5A71300336743 /* Frameworks */ = {
			isa = PBXFrameworksBuildPhase;
			buildActionMask = 2147483647;
			files = (
				9935B43DC1DB5491BFF977D3 /* Pods_RxSwiftExample.framework in Frameworks */,
			);
			runOnlyForDeploymentPostprocessing = 0;
		};
		3AAE1F8A1FA5A71300336743 /* Frameworks */ = {
			isa = PBXFrameworksBuildPhase;
			buildActionMask = 2147483647;
			files = (
				DE3BE66D2987FD0658D99926 /* Pods_RxSwiftExampleTests.framework in Frameworks */,
			);
			runOnlyForDeploymentPostprocessing = 0;
		};
		3AAE1F951FA5A71300336743 /* Frameworks */ = {
			isa = PBXFrameworksBuildPhase;
			buildActionMask = 2147483647;
			files = (
				3C82A2E39B3384BA5B951D05 /* Pods_RxSwiftExampleUITests.framework in Frameworks */,
			);
			runOnlyForDeploymentPostprocessing = 0;
		};
/* End PBXFrameworksBuildPhase section */

/* Begin PBXGroup section */
		3AAE1F701FA5A71300336743 = {
			isa = PBXGroup;
			children = (
				3AAE1F7B1FA5A71300336743 /* RxSwiftExample */,
				3AAE1F901FA5A71300336743 /* RxSwiftExampleTests */,
				3AAE1F9B1FA5A71300336743 /* RxSwiftExampleUITests */,
				3AAE1F7A1FA5A71300336743 /* Products */,
				6C8F8A1E7912CC2FE4F674E9 /* Pods */,
				9EE77846374C1EE36C74E9B0 /* Frameworks */,
			);
			sourceTree = "<group>";
		};
		3AAE1F7A1FA5A71300336743 /* Products */ = {
			isa = PBXGroup;
			children = (
				3AAE1F791FA5A71300336743 /* RxSwiftExample.app */,
				3AAE1F8D1FA5A71300336743 /* RxSwiftExampleTests.xctest */,
				3AAE1F981FA5A71300336743 /* RxSwiftExampleUITests.xctest */,
			);
			name = Products;
			sourceTree = "<group>";
		};
		3AAE1F7B1FA5A71300336743 /* RxSwiftExample */ = {
			isa = PBXGroup;
			children = (
				3AAE1F7C1FA5A71300336743 /* AppDelegate.swift */,
				3AAE1F7E1FA5A71300336743 /* CitySearchViewController.swift */,
				3AAE1F801FA5A71300336743 /* Main.storyboard */,
				3AAE1F831FA5A71300336743 /* Assets.xcassets */,
				3AAE1F851FA5A71300336743 /* LaunchScreen.storyboard */,
				3AAE1F881FA5A71300336743 /* Info.plist */,
			);
			path = RxSwiftExample;
			sourceTree = "<group>";
		};
		3AAE1F901FA5A71300336743 /* RxSwiftExampleTests */ = {
			isa = PBXGroup;
			children = (
				3AAE1F911FA5A71300336743 /* RxSwiftExampleTests.swift */,
				3AAE1F931FA5A71300336743 /* Info.plist */,
			);
			path = RxSwiftExampleTests;
			sourceTree = "<group>";
		};
		3AAE1F9B1FA5A71300336743 /* RxSwiftExampleUITests */ = {
			isa = PBXGroup;
			children = (
				3AAE1F9C1FA5A71300336743 /* RxSwiftExampleUITests.swift */,
				3AAE1F9E1FA5A71300336743 /* Info.plist */,
			);
			path = RxSwiftExampleUITests;
			sourceTree = "<group>";
		};
		6C8F8A1E7912CC2FE4F674E9 /* Pods */ = {
			isa = PBXGroup;
			children = (
				D95CD6E3CCDC61A74F1939F1 /* Pods-RxSwiftExample.debug.xcconfig */,
				4513F2DB2FEDD1CB22E34141 /* Pods-RxSwiftExample.release.xcconfig */,
				0AAA216801D2749A78C51915 /* Pods-RxSwiftExampleTests.debug.xcconfig */,
				F88CB6A7A335710279B71C07 /* Pods-RxSwiftExampleTests.release.xcconfig */,
				8FEDF4F35BF6E19F69280FEB /* Pods-RxSwiftExampleUITests.debug.xcconfig */,
				2B4C1FD887D1DE8E7F20B3F7 /* Pods-RxSwiftExampleUITests.release.xcconfig */,
			);
			name = Pods;
			sourceTree = "<group>";
		};
		9EE77846374C1EE36C74E9B0 /* Frameworks */ = {
			isa = PBXGroup;
			children = (
				4F4E202B4C3A074880C17C8C /* Pods_RxSwiftExample.framework */,
				B40E1A47108FC02EB6D7CB38 /* Pods_RxSwiftExampleTests.framework */,
				6F7EE21C31ADE5ED9CF47D88 /* Pods_RxSwiftExampleUITests.framework */,
			);
			name = Frameworks;
			sourceTree = "<group>";
		};
/* End PBXGroup section */

/* Begin PBXNativeTarget section */
		3AAE1F781FA5A71300336743 /* RxSwiftExample */ = {
			isa = PBXNativeTarget;
			buildConfigurationList = 3AAE1FA11FA5A71300336743 /* Build configuration list for PBXNativeTarget "RxSwiftExample" */;
			buildPhases = (
				DBBE46E8EEE6FAB52AD66271 /* [CP] Check Pods Manifest.lock */,
				3AAE1F751FA5A71300336743 /* Sources */,
				3AAE1F761FA5A71300336743 /* Frameworks */,
				3AAE1F771FA5A71300336743 /* Resources */,
				0B77ED027993476BF50BE728 /* [CP] Embed Pods Frameworks */,
				CCAFBD2DEA35649048DF22F3 /* [CP] Copy Pods Resources */,
			);
			buildRules = (
			);
			dependencies = (
			);
			name = RxSwiftExample;
			productName = RxSwiftExample;
			productReference = 3AAE1F791FA5A71300336743 /* RxSwiftExample.app */;
			productType = "com.apple.product-type.application";
		};
		3AAE1F8C1FA5A71300336743 /* RxSwiftExampleTests */ = {
			isa = PBXNativeTarget;
			buildConfigurationList = 3AAE1FA41FA5A71300336743 /* Build configuration list for PBXNativeTarget "RxSwiftExampleTests" */;
			buildPhases = (
				D1BBCEA19373A491F3ED30FF /* [CP] Check Pods Manifest.lock */,
				3AAE1F891FA5A71300336743 /* Sources */,
				3AAE1F8A1FA5A71300336743 /* Frameworks */,
				3AAE1F8B1FA5A71300336743 /* Resources */,
				81946307384B9372036DD94A /* [CP] Embed Pods Frameworks */,
				D79A8D1119F5720ACEB26E37 /* [CP] Copy Pods Resources */,
			);
			buildRules = (
			);
			dependencies = (
				3AAE1F8F1FA5A71300336743 /* PBXTargetDependency */,
			);
			name = RxSwiftExampleTests;
			productName = RxSwiftExampleTests;
			productReference = 3AAE1F8D1FA5A71300336743 /* RxSwiftExampleTests.xctest */;
			productType = "com.apple.product-type.bundle.unit-test";
		};
		3AAE1F971FA5A71300336743 /* RxSwiftExampleUITests */ = {
			isa = PBXNativeTarget;
			buildConfigurationList = 3AAE1FA71FA5A71300336743 /* Build configuration list for PBXNativeTarget "RxSwiftExampleUITests" */;
			buildPhases = (
				3E2D75B9BA5DA711987A591E /* [CP] Check Pods Manifest.lock */,
				3AAE1F941FA5A71300336743 /* Sources */,
				3AAE1F951FA5A71300336743 /* Frameworks */,
				3AAE1F961FA5A71300336743 /* Resources */,
				A636F4DB777FB8D540BDBCC4 /* [CP] Embed Pods Frameworks */,
				C2936DF3BC8F3F1C8C3E307E /* [CP] Copy Pods Resources */,
			);
			buildRules = (
			);
			dependencies = (
				3AAE1F9A1FA5A71300336743 /* PBXTargetDependency */,
			);
			name = RxSwiftExampleUITests;
			productName = RxSwiftExampleUITests;
			productReference = 3AAE1F981FA5A71300336743 /* RxSwiftExampleUITests.xctest */;
			productType = "com.apple.product-type.bundle.ui-testing";
		};
/* End PBXNativeTarget section */

/* Begin PBXProject section */
		3AAE1F711FA5A71300336743 /* Project object */ = {
			isa = PBXProject;
			attributes = {
				LastSwiftUpdateCheck = 0900;
				LastUpgradeCheck = 0900;
				ORGANIZATIONNAME = sally;
				TargetAttributes = {
					3AAE1F781FA5A71300336743 = {
						CreatedOnToolsVersion = 9.0.1;
						ProvisioningStyle = Automatic;
					};
					3AAE1F8C1FA5A71300336743 = {
						CreatedOnToolsVersion = 9.0.1;
						ProvisioningStyle = Automatic;
						TestTargetID = 3AAE1F781FA5A71300336743;
					};
					3AAE1F971FA5A71300336743 = {
						CreatedOnToolsVersion = 9.0.1;
						ProvisioningStyle = Automatic;
						TestTargetID = 3AAE1F781FA5A71300336743;
					};
				};
			};
			buildConfigurationList = 3AAE1F741FA5A71300336743 /* Build configuration list for PBXProject "RxSwiftExample" */;
			compatibilityVersion = "Xcode 8.0";
			developmentRegion = en;
			hasScannedForEncodings = 0;
			knownRegions = (
				en,
				Base,
			);
			mainGroup = 3AAE1F701FA5A71300336743;
			productRefGroup = 3AAE1F7A1FA5A71300336743 /* Products */;
			projectDirPath = "";
			projectRoot = "";
			targets = (
				3AAE1F781FA5A71300336743 /* RxSwiftExample */,
				3AAE1F8C1FA5A71300336743 /* RxSwiftExampleTests */,
				3AAE1F971FA5A71300336743 /* RxSwiftExampleUITests */,
			);
		};
/* End PBXProject section */

/* Begin PBXResourcesBuildPhase section */
		3AAE1F771FA5A71300336743 /* Resources */ = {
			isa = PBXResourcesBuildPhase;
			buildActionMask = 2147483647;
			files = (
				3AAE1F871FA5A71300336743 /* LaunchScreen.storyboard in Resources */,
				3AAE1F841FA5A71300336743 /* Assets.xcassets in Resources */,
				3AAE1F821FA5A71300336743 /* Main.storyboard in Resources */,
			);
			runOnlyForDeploymentPostprocessing = 0;
		};
		3AAE1F8B1FA5A71300336743 /* Resources */ = {
			isa = PBXResourcesBuildPhase;
			buildActionMask = 2147483647;
			files = (
			);
			runOnlyForDeploymentPostprocessing = 0;
		};
		3AAE1F961FA5A71300336743 /* Resources */ = {
			isa = PBXResourcesBuildPhase;
			buildActionMask = 2147483647;
			files = (
			);
			runOnlyForDeploymentPostprocessing = 0;
		};
/* End PBXResourcesBuildPhase section */

/* Begin PBXShellScriptBuildPhase section */
		0B77ED027993476BF50BE728 /* [CP] Embed Pods Frameworks */ = {
			isa = PBXShellScriptBuildPhase;
			buildActionMask = 2147483647;
			files = (
			);
			inputPaths = (
				"${SRCROOT}/Pods/Target Support Files/Pods-RxSwiftExample/Pods-RxSwiftExample-frameworks.sh",
				"${BUILT_PRODUCTS_DIR}/RxCocoa/RxCocoa.framework",
				"${BUILT_PRODUCTS_DIR}/RxSwift/RxSwift.framework",
			);
			name = "[CP] Embed Pods Frameworks";
			outputPaths = (
				"${TARGET_BUILD_DIR}/${FRAMEWORKS_FOLDER_PATH}/RxCocoa.framework",
				"${TARGET_BUILD_DIR}/${FRAMEWORKS_FOLDER_PATH}/RxSwift.framework",
			);
			runOnlyForDeploymentPostprocessing = 0;
			shellPath = /bin/sh;
			shellScript = "\"${SRCROOT}/Pods/Target Support Files/Pods-RxSwiftExample/Pods-RxSwiftExample-frameworks.sh\"\n";
			showEnvVarsInLog = 0;
		};
		3E2D75B9BA5DA711987A591E /* [CP] Check Pods Manifest.lock */ = {
			isa = PBXShellScriptBuildPhase;
			buildActionMask = 2147483647;
			files = (
			);
			inputPaths = (
				"${PODS_PODFILE_DIR_PATH}/Podfile.lock",
				"${PODS_ROOT}/Manifest.lock",
			);
			name = "[CP] Check Pods Manifest.lock";
			outputPaths = (
				"$(DERIVED_FILE_DIR)/Pods-RxSwiftExampleUITests-checkManifestLockResult.txt",
			);
			runOnlyForDeploymentPostprocessing = 0;
			shellPath = /bin/sh;
			shellScript = "diff \"${PODS_PODFILE_DIR_PATH}/Podfile.lock\" \"${PODS_ROOT}/Manifest.lock\" > /dev/null\nif [ $? != 0 ] ; then\n    # print error to STDERR\n    echo \"error: The sandbox is not in sync with the Podfile.lock. Run 'pod install' or update your CocoaPods installation.\" >&2\n    exit 1\nfi\n# This output is used by Xcode 'outputs' to avoid re-running this script phase.\necho \"SUCCESS\" > \"${SCRIPT_OUTPUT_FILE_0}\"\n";
			showEnvVarsInLog = 0;
		};
		81946307384B9372036DD94A /* [CP] Embed Pods Frameworks */ = {
			isa = PBXShellScriptBuildPhase;
			buildActionMask = 2147483647;
			files = (
			);
			inputPaths = (
			);
			name = "[CP] Embed Pods Frameworks";
			outputPaths = (
			);
			runOnlyForDeploymentPostprocessing = 0;
			shellPath = /bin/sh;
			shellScript = "\"${SRCROOT}/Pods/Target Support Files/Pods-RxSwiftExampleTests/Pods-RxSwiftExampleTests-frameworks.sh\"\n";
			showEnvVarsInLog = 0;
		};
		A636F4DB777FB8D540BDBCC4 /* [CP] Embed Pods Frameworks */ = {
			isa = PBXShellScriptBuildPhase;
			buildActionMask = 2147483647;
			files = (
			);
			inputPaths = (
			);
			name = "[CP] Embed Pods Frameworks";
			outputPaths = (
			);
			runOnlyForDeploymentPostprocessing = 0;
			shellPath = /bin/sh;
			shellScript = "\"${SRCROOT}/Pods/Target Support Files/Pods-RxSwiftExampleUITests/Pods-RxSwiftExampleUITests-frameworks.sh\"\n";
			showEnvVarsInLog = 0;
		};
		C2936DF3BC8F3F1C8C3E307E /* [CP] Copy Pods Resources */ = {
			isa = PBXShellScriptBuildPhase;
			buildActionMask = 2147483647;
			files = (
			);
			inputPaths = (
			);
			name = "[CP] Copy Pods Resources";
			outputPaths = (
			);
			runOnlyForDeploymentPostprocessing = 0;
			shellPath = /bin/sh;
			shellScript = "\"${SRCROOT}/Pods/Target Support Files/Pods-RxSwiftExampleUITests/Pods-RxSwiftExampleUITests-resources.sh\"\n";
			showEnvVarsInLog = 0;
		};
		CCAFBD2DEA35649048DF22F3 /* [CP] Copy Pods Resources */ = {
			isa = PBXShellScriptBuildPhase;
			buildActionMask = 2147483647;
			files = (
			);
			inputPaths = (
			);
			name = "[CP] Copy Pods Resources";
			outputPaths = (
			);
			runOnlyForDeploymentPostprocessing = 0;
			shellPath = /bin/sh;
			shellScript = "\"${SRCROOT}/Pods/Target Support Files/Pods-RxSwiftExample/Pods-RxSwiftExample-resources.sh\"\n";
			showEnvVarsInLog = 0;
		};
		D1BBCEA19373A491F3ED30FF /* [CP] Check Pods Manifest.lock */ = {
			isa = PBXShellScriptBuildPhase;
			buildActionMask = 2147483647;
			files = (
			);
			inputPaths = (
				"${PODS_PODFILE_DIR_PATH}/Podfile.lock",
				"${PODS_ROOT}/Manifest.lock",
			);
			name = "[CP] Check Pods Manifest.lock";
			outputPaths = (
				"$(DERIVED_FILE_DIR)/Pods-RxSwiftExampleTests-checkManifestLockResult.txt",
			);
			runOnlyForDeploymentPostprocessing = 0;
			shellPath = /bin/sh;
			shellScript = "diff \"${PODS_PODFILE_DIR_PATH}/Podfile.lock\" \"${PODS_ROOT}/Manifest.lock\" > /dev/null\nif [ $? != 0 ] ; then\n    # print error to STDERR\n    echo \"error: The sandbox is not in sync with the Podfile.lock. Run 'pod install' or update your CocoaPods installation.\" >&2\n    exit 1\nfi\n# This output is used by Xcode 'outputs' to avoid re-running this script phase.\necho \"SUCCESS\" > \"${SCRIPT_OUTPUT_FILE_0}\"\n";
			showEnvVarsInLog = 0;
		};
		D79A8D1119F5720ACEB26E37 /* [CP] Copy Pods Resources */ = {
			isa = PBXShellScriptBuildPhase;
			buildActionMask = 2147483647;
			files = (
			);
			inputPaths = (
			);
			name = "[CP] Copy Pods Resources";
			outputPaths = (
			);
			runOnlyForDeploymentPostprocessing = 0;
			shellPath = /bin/sh;
			shellScript = "\"${SRCROOT}/Pods/Target Support Files/Pods-RxSwiftExampleTests/Pods-RxSwiftExampleTests-resources.sh\"\n";
			showEnvVarsInLog = 0;
		};
		DBBE46E8EEE6FAB52AD66271 /* [CP] Check Pods Manifest.lock */ = {
			isa = PBXShellScriptBuildPhase;
			buildActionMask = 2147483647;
			files = (
			);
			inputPaths = (
				"${PODS_PODFILE_DIR_PATH}/Podfile.lock",
				"${PODS_ROOT}/Manifest.lock",
			);
			name = "[CP] Check Pods Manifest.lock";
			outputPaths = (
				"$(DERIVED_FILE_DIR)/Pods-RxSwiftExample-checkManifestLockResult.txt",
			);
			runOnlyForDeploymentPostprocessing = 0;
			shellPath = /bin/sh;
			shellScript = "diff \"${PODS_PODFILE_DIR_PATH}/Podfile.lock\" \"${PODS_ROOT}/Manifest.lock\" > /dev/null\nif [ $? != 0 ] ; then\n    # print error to STDERR\n    echo \"error: The sandbox is not in sync with the Podfile.lock. Run 'pod install' or update your CocoaPods installation.\" >&2\n    exit 1\nfi\n# This output is used by Xcode 'outputs' to avoid re-running this script phase.\necho \"SUCCESS\" > \"${SCRIPT_OUTPUT_FILE_0}\"\n";
			showEnvVarsInLog = 0;
		};
/* End PBXShellScriptBuildPhase section */

/* Begin PBXSourcesBuildPhase section */
		3AAE1F751FA5A71300336743 /* Sources */ = {
			isa = PBXSourcesBuildPhase;
			buildActionMask = 2147483647;
			files = (
				3AAE1F7F1FA5A71300336743 /* CitySearchViewController.swift in Sources */,
				3AAE1F7D1FA5A71300336743 /* AppDelegate.swift in Sources */,
			);
			runOnlyForDeploymentPostprocessing = 0;
		};
		3AAE1F891FA5A71300336743 /* Sources */ = {
			isa = PBXSourcesBuildPhase;
			buildActionMask = 2147483647;
			files = (
				3AAE1F921FA5A71300336743 /* RxSwiftExampleTests.swift in Sources */,
			);
			runOnlyForDeploymentPostprocessing = 0;
		};
		3AAE1F941FA5A71300336743 /* Sources */ = {
			isa = PBXSourcesBuildPhase;
			buildActionMask = 2147483647;
			files = (
				3AAE1F9D1FA5A71300336743 /* RxSwiftExampleUITests.swift in Sources */,
			);
			runOnlyForDeploymentPostprocessing = 0;
		};
/* End PBXSourcesBuildPhase section */

/* Begin PBXTargetDependency section */
		3AAE1F8F1FA5A71300336743 /* PBXTargetDependency */ = {
			isa = PBXTargetDependency;
			target = 3AAE1F781FA5A71300336743 /* RxSwiftExample */;
			targetProxy = 3AAE1F8E1FA5A71300336743 /* PBXContainerItemProxy */;
		};
		3AAE1F9A1FA5A71300336743 /* PBXTargetDependency */ = {
			isa = PBXTargetDependency;
			target = 3AAE1F781FA5A71300336743 /* RxSwiftExample */;
			targetProxy = 3AAE1F991FA5A71300336743 /* PBXContainerItemProxy */;
		};
/* End PBXTargetDependency section */

/* Begin PBXVariantGroup section */
		3AAE1F801FA5A71300336743 /* Main.storyboard */ = {
			isa = PBXVariantGroup;
			children = (
				3AAE1F811FA5A71300336743 /* Base */,
			);
			name = Main.storyboard;
			sourceTree = "<group>";
		};
		3AAE1F851FA5A71300336743 /* LaunchScreen.storyboard */ = {
			isa = PBXVariantGroup;
			children = (
				3AAE1F861FA5A71300336743 /* Base */,
			);
			name = LaunchScreen.storyboard;
			sourceTree = "<group>";
		};
/* End PBXVariantGroup section */

/* Begin XCBuildConfiguration section */
		3AAE1F9F1FA5A71300336743 /* Debug */ = {
			isa = XCBuildConfiguration;
			buildSettings = {
				ALWAYS_SEARCH_USER_PATHS = NO;
				CLANG_ANALYZER_NONNULL = YES;
				CLANG_ANALYZER_NUMBER_OBJECT_CONVERSION = YES_AGGRESSIVE;
				CLANG_CXX_LANGUAGE_STANDARD = "gnu++14";
				CLANG_CXX_LIBRARY = "libc++";
				CLANG_ENABLE_MODULES = YES;
				CLANG_ENABLE_OBJC_ARC = YES;
				CLANG_WARN_BLOCK_CAPTURE_AUTORELEASING = YES;
				CLANG_WARN_BOOL_CONVERSION = YES;
				CLANG_WARN_COMMA = YES;
				CLANG_WARN_CONSTANT_CONVERSION = YES;
				CLANG_WARN_DIRECT_OBJC_ISA_USAGE = YES_ERROR;
				CLANG_WARN_DOCUMENTATION_COMMENTS = YES;
				CLANG_WARN_EMPTY_BODY = YES;
				CLANG_WARN_ENUM_CONVERSION = YES;
				CLANG_WARN_INFINITE_RECURSION = YES;
				CLANG_WARN_INT_CONVERSION = YES;
				CLANG_WARN_NON_LITERAL_NULL_CONVERSION = YES;
				CLANG_WARN_OBJC_LITERAL_CONVERSION = YES;
				CLANG_WARN_OBJC_ROOT_CLASS = YES_ERROR;
				CLANG_WARN_RANGE_LOOP_ANALYSIS = YES;
				CLANG_WARN_STRICT_PROTOTYPES = YES;
				CLANG_WARN_SUSPICIOUS_MOVE = YES;
				CLANG_WARN_UNGUARDED_AVAILABILITY = YES_AGGRESSIVE;
				CLANG_WARN_UNREACHABLE_CODE = YES;
				CLANG_WARN__DUPLICATE_METHOD_MATCH = YES;
				CODE_SIGN_IDENTITY = "iPhone Developer";
				COPY_PHASE_STRIP = NO;
				DEBUG_INFORMATION_FORMAT = dwarf;
				ENABLE_STRICT_OBJC_MSGSEND = YES;
				ENABLE_TESTABILITY = YES;
				GCC_C_LANGUAGE_STANDARD = gnu11;
				GCC_DYNAMIC_NO_PIC = NO;
				GCC_NO_COMMON_BLOCKS = YES;
				GCC_OPTIMIZATION_LEVEL = 0;
				GCC_PREPROCESSOR_DEFINITIONS = (
					"DEBUG=1",
					"$(inherited)",
				);
				GCC_WARN_64_TO_32_BIT_CONVERSION = YES;
				GCC_WARN_ABOUT_RETURN_TYPE = YES_ERROR;
				GCC_WARN_UNDECLARED_SELECTOR = YES;
				GCC_WARN_UNINITIALIZED_AUTOS = YES_AGGRESSIVE;
				GCC_WARN_UNUSED_FUNCTION = YES;
				GCC_WARN_UNUSED_VARIABLE = YES;
				IPHONEOS_DEPLOYMENT_TARGET = 11.0;
				MTL_ENABLE_DEBUG_INFO = YES;
				ONLY_ACTIVE_ARCH = YES;
				SDKROOT = iphoneos;
				SWIFT_ACTIVE_COMPILATION_CONDITIONS = DEBUG;
				SWIFT_OPTIMIZATION_LEVEL = "-Onone";
			};
			name = Debug;
		};
		3AAE1FA01FA5A71300336743 /* Release */ = {
			isa = XCBuildConfiguration;
			buildSettings = {
				ALWAYS_SEARCH_USER_PATHS = NO;
				CLANG_ANALYZER_NONNULL = YES;
				CLANG_ANALYZER_NUMBER_OBJECT_CONVERSION = YES_AGGRESSIVE;
				CLANG_CXX_LANGUAGE_STANDARD = "gnu++14";
				CLANG_CXX_LIBRARY = "libc++";
				CLANG_ENABLE_MODULES = YES;
				CLANG_ENABLE_OBJC_ARC = YES;
				CLANG_WARN_BLOCK_CAPTURE_AUTORELEASING = YES;
				CLANG_WARN_BOOL_CONVERSION = YES;
				CLANG_WARN_COMMA = YES;
				CLANG_WARN_CONSTANT_CONVERSION = YES;
				CLANG_WARN_DIRECT_OBJC_ISA_USAGE = YES_ERROR;
				CLANG_WARN_DOCUMENTATION_COMMENTS = YES;
				CLANG_WARN_EMPTY_BODY = YES;
				CLANG_WARN_ENUM_CONVERSION = YES;
				CLANG_WARN_INFINITE_RECURSION = YES;
				CLANG_WARN_INT_CONVERSION = YES;
				CLANG_WARN_NON_LITERAL_NULL_CONVERSION = YES;
				CLANG_WARN_OBJC_LITERAL_CONVERSION = YES;
				CLANG_WARN_OBJC_ROOT_CLASS = YES_ERROR;
				CLANG_WARN_RANGE_LOOP_ANALYSIS = YES;
				CLANG_WARN_STRICT_PROTOTYPES = YES;
				CLANG_WARN_SUSPICIOUS_MOVE = YES;
				CLANG_WARN_UNGUARDED_AVAILABILITY = YES_AGGRESSIVE;
				CLANG_WARN_UNREACHABLE_CODE = YES;
				CLANG_WARN__DUPLICATE_METHOD_MATCH = YES;
				CODE_SIGN_IDENTITY = "iPhone Developer";
				COPY_PHASE_STRIP = NO;
				DEBUG_INFORMATION_FORMAT = "dwarf-with-dsym";
				ENABLE_NS_ASSERTIONS = NO;
				ENABLE_STRICT_OBJC_MSGSEND = YES;
				GCC_C_LANGUAGE_STANDARD = gnu11;
				GCC_NO_COMMON_BLOCKS = YES;
				GCC_WARN_64_TO_32_BIT_CONVERSION = YES;
				GCC_WARN_ABOUT_RETURN_TYPE = YES_ERROR;
				GCC_WARN_UNDECLARED_SELECTOR = YES;
				GCC_WARN_UNINITIALIZED_AUTOS = YES_AGGRESSIVE;
				GCC_WARN_UNUSED_FUNCTION = YES;
				GCC_WARN_UNUSED_VARIABLE = YES;
				IPHONEOS_DEPLOYMENT_TARGET = 11.0;
				MTL_ENABLE_DEBUG_INFO = NO;
				SDKROOT = iphoneos;
				SWIFT_OPTIMIZATION_LEVEL = "-Owholemodule";
				VALIDATE_PRODUCT = YES;
			};
			name = Release;
		};
		3AAE1FA21FA5A71300336743 /* Debug */ = {
			isa = XCBuildConfiguration;
			baseConfigurationReference = D95CD6E3CCDC61A74F1939F1 /* Pods-RxSwiftExample.debug.xcconfig */;
			buildSettings = {
				ASSETCATALOG_COMPILER_APPICON_NAME = AppIcon;
				CODE_SIGN_STYLE = Automatic;
				INFOPLIST_FILE = RxSwiftExample/Info.plist;
				LD_RUNPATH_SEARCH_PATHS = "$(inherited) @executable_path/Frameworks";
				PRODUCT_BUNDLE_IDENTIFIER = com.RxSwiftExample;
				PRODUCT_NAME = "$(TARGET_NAME)";
				SWIFT_VERSION = 4.0;
				TARGETED_DEVICE_FAMILY = "1,2";
			};
			name = Debug;
		};
		3AAE1FA31FA5A71300336743 /* Release */ = {
			isa = XCBuildConfiguration;
			baseConfigurationReference = 4513F2DB2FEDD1CB22E34141 /* Pods-RxSwiftExample.release.xcconfig */;
			buildSettings = {
				ASSETCATALOG_COMPILER_APPICON_NAME = AppIcon;
				CODE_SIGN_STYLE = Automatic;
				INFOPLIST_FILE = RxSwiftExample/Info.plist;
				LD_RUNPATH_SEARCH_PATHS = "$(inherited) @executable_path/Frameworks";
				PRODUCT_BUNDLE_IDENTIFIER = com.RxSwiftExample;
				PRODUCT_NAME = "$(TARGET_NAME)";
				SWIFT_VERSION = 4.0;
				TARGETED_DEVICE_FAMILY = "1,2";
			};
			name = Release;
		};
		3AAE1FA51FA5A71300336743 /* Debug */ = {
			isa = XCBuildConfiguration;
			baseConfigurationReference = 0AAA216801D2749A78C51915 /* Pods-RxSwiftExampleTests.debug.xcconfig */;
			buildSettings = {
				ALWAYS_EMBED_SWIFT_STANDARD_LIBRARIES = YES;
				BUNDLE_LOADER = "$(TEST_HOST)";
				CODE_SIGN_STYLE = Automatic;
				INFOPLIST_FILE = RxSwiftExampleTests/Info.plist;
				LD_RUNPATH_SEARCH_PATHS = "$(inherited) @executable_path/Frameworks @loader_path/Frameworks";
				PRODUCT_BUNDLE_IDENTIFIER = com.RxSwiftExampleTests;
				PRODUCT_NAME = "$(TARGET_NAME)";
				SWIFT_VERSION = 4.0;
				TARGETED_DEVICE_FAMILY = "1,2";
				TEST_HOST = "$(BUILT_PRODUCTS_DIR)/RxSwiftExample.app/RxSwiftExample";
			};
			name = Debug;
		};
		3AAE1FA61FA5A71300336743 /* Release */ = {
			isa = XCBuildConfiguration;
			baseConfigurationReference = F88CB6A7A335710279B71C07 /* Pods-RxSwiftExampleTests.release.xcconfig */;
			buildSettings = {
				ALWAYS_EMBED_SWIFT_STANDARD_LIBRARIES = YES;
				BUNDLE_LOADER = "$(TEST_HOST)";
				CODE_SIGN_STYLE = Automatic;
				INFOPLIST_FILE = RxSwiftExampleTests/Info.plist;
				LD_RUNPATH_SEARCH_PATHS = "$(inherited) @executable_path/Frameworks @loader_path/Frameworks";
				PRODUCT_BUNDLE_IDENTIFIER = com.RxSwiftExampleTests;
				PRODUCT_NAME = "$(TARGET_NAME)";
				SWIFT_VERSION = 4.0;
				TARGETED_DEVICE_FAMILY = "1,2";
				TEST_HOST = "$(BUILT_PRODUCTS_DIR)/RxSwiftExample.app/RxSwiftExample";
			};
			name = Release;
		};
		3AAE1FA81FA5A71300336743 /* Debug */ = {
			isa = XCBuildConfiguration;
			baseConfigurationReference = 8FEDF4F35BF6E19F69280FEB /* Pods-RxSwiftExampleUITests.debug.xcconfig */;
			buildSettings = {
				ALWAYS_EMBED_SWIFT_STANDARD_LIBRARIES = YES;
				CODE_SIGN_STYLE = Automatic;
				INFOPLIST_FILE = RxSwiftExampleUITests/Info.plist;
				LD_RUNPATH_SEARCH_PATHS = "$(inherited) @executable_path/Frameworks @loader_path/Frameworks";
				PRODUCT_BUNDLE_IDENTIFIER = com.RxSwiftExampleUITests;
				PRODUCT_NAME = "$(TARGET_NAME)";
				SWIFT_VERSION = 4.0;
				TARGETED_DEVICE_FAMILY = "1,2";
				TEST_TARGET_NAME = RxSwiftExample;
			};
			name = Debug;
		};
		3AAE1FA91FA5A71300336743 /* Release */ = {
			isa = XCBuildConfiguration;
			baseConfigurationReference = 2B4C1FD887D1DE8E7F20B3F7 /* Pods-RxSwiftExampleUITests.release.xcconfig */;
			buildSettings = {
				ALWAYS_EMBED_SWIFT_STANDARD_LIBRARIES = YES;
				CODE_SIGN_STYLE = Automatic;
				INFOPLIST_FILE = RxSwiftExampleUITests/Info.plist;
				LD_RUNPATH_SEARCH_PATHS = "$(inherited) @executable_path/Frameworks @loader_path/Frameworks";
				PRODUCT_BUNDLE_IDENTIFIER = com.RxSwiftExampleUITests;
				PRODUCT_NAME = "$(TARGET_NAME)";
				SWIFT_VERSION = 4.0;
				TARGETED_DEVICE_FAMILY = "1,2";
				TEST_TARGET_NAME = RxSwiftExample;
			};
			name = Release;
		};
/* End XCBuildConfiguration section */

/* Begin XCConfigurationList section */
		3AAE1F741FA5A71300336743 /* Build configuration list for PBXProject "RxSwiftExample" */ = {
			isa = XCConfigurationList;
			buildConfigurations = (
				3AAE1F9F1FA5A71300336743 /* Debug */,
				3AAE1FA01FA5A71300336743 /* Release */,
			);
			defaultConfigurationIsVisible = 0;
			defaultConfigurationName = Release;
		};
		3AAE1FA11FA5A71300336743 /* Build configuration list for PBXNativeTarget "RxSwiftExample" */ = {
			isa = XCConfigurationList;
			buildConfigurations = (
				3AAE1FA21FA5A71300336743 /* Debug */,
				3AAE1FA31FA5A71300336743 /* Release */,
			);
			defaultConfigurationIsVisible = 0;
			defaultConfigurationName = Release;
		};
		3AAE1FA41FA5A71300336743 /* Build configuration list for PBXNativeTarget "RxSwiftExampleTests" */ = {
			isa = XCConfigurationList;
			buildConfigurations = (
				3AAE1FA51FA5A71300336743 /* Debug */,
				3AAE1FA61FA5A71300336743 /* Release */,
			);
			defaultConfigurationIsVisible = 0;
			defaultConfigurationName = Release;
		};
		3AAE1FA71FA5A71300336743 /* Build configuration list for PBXNativeTarget "RxSwiftExampleUITests" */ = {
			isa = XCConfigurationList;
			buildConfigurations = (
				3AAE1FA81FA5A71300336743 /* Debug */,
				3AAE1FA91FA5A71300336743 /* Release */,
			);
			defaultConfigurationIsVisible = 0;
			defaultConfigurationName = Release;
		};
/* End XCConfigurationList section */
	};
	rootObject = 3AAE1F711FA5A71300336743 /* Project object */;
}
